
Microsoft Visual Studio Solution File, Format Version 12.00
# Visual Studio Version 16
VisualStudioVersion = 16.0.30907.101
MinimumVisualStudioVersion = 10.0.40219.1
Project("{9A19103F-16F7-4668-BE54-9A1E7A4F7556}") = "Entities", "Entities\Entities.csproj", "{BE056C88-3E87-4AB4-A290-323826B5390A}"
EndProject
Project("{9A19103F-16F7-4668-BE54-9A1E7A4F7556}") = "DataAccess", "DataAccess\DataAccess.csproj", "{04DCD49F-5D58-420A-9FA0-18D7B8360255}"
EndProject
Project("{9A19103F-16F7-4668-BE54-9A1E7A4F7556}") = "Business", "Business\Business.csproj", "{F547A140-884B-49F1-9D6F-DED3E094921C}"
EndProject
Project("{9A19103F-16F7-4668-BE54-9A1E7A4F7556}") = "ConsoleUI", "ConsoleUI\ConsoleUI.csproj", "{BD92DDC2-3678-4E89-9268-893F893FE27B}"
EndProject
Project("{9A19103F-16F7-4668-BE54-9A1E7A4F7556}") = "Core", "Core\Core.csproj", "{90D9E2C8-FD95-42C0-A59B-5AFE3378F43D}"
EndProject
Project("{FAE04EC0-301F-11D3-BF4B-00C04F79EFBC}") = "WebAPI", "WebAPI\WebAPI.csproj", "{1E023A6F-01DE-43B3-8755-36A2383D8335}"
EndProject
Global
	GlobalSection(SolutionConfigurationPlatforms) = preSolution
		Debug|Any CPU = Debug|Any CPU
		Release|Any CPU = Release|Any CPU
	EndGlobalSection
	GlobalSection(ProjectConfigurationPlatforms) = postSolution
		{BE056C88-3E87-4AB4-A290-323826B5390A}.Debug|Any CPU.ActiveCfg = Debug|Any CPU
		{BE056C88-3E87-4AB4-A290-323826B5390A}.Debug|Any CPU.Build.0 = Debug|Any CPU
		{BE056C88-3E87-4AB4-A290-323826B5390A}.Release|Any CPU.ActiveCfg = Release|Any CPU
		{BE056C88-3E87-4AB4-A290-323826B5390A}.Release|Any CPU.Build.0 = Release|Any CPU
		{04DCD49F-5D58-420A-9FA0-18D7B8360255}.Debug|Any CPU.ActiveCfg = Debug|Any CPU
		{04DCD49F-5D58-420A-9FA0-18D7B8360255}.Debug|Any CPU.Build.0 = Debug|Any CPU
		{04DCD49F-5D58-420A-9FA0-18D7B8360255}.Release|Any CPU.ActiveCfg = Release|Any CPU
		{04DCD49F-5D58-420A-9FA0-18D7B8360255}.Release|Any CPU.Build.0 = Release|Any CPU
		{F547A140-884B-49F1-9D6F-DED3E094921C}.Debug|Any CPU.ActiveCfg = Debug|Any CPU
		{F547A140-884B-49F1-9D6F-DED3E094921C}.Debug|Any CPU.Build.0 = Debug|Any CPU
		{F547A140-884B-49F1-9D6F-DED3E094921C}.Release|Any CPU.ActiveCfg = Release|Any CPU
		{F547A140-884B-49F1-9D6F-DED3E094921C}.Release|Any CPU.Build.0 = Release|Any CPU
		{BD92DDC2-3678-4E89-9268-893F893FE27B}.Debug|Any CPU.ActiveCfg = Debug|Any CPU
		{BD92DDC2-3678-4E89-9268-893F893FE27B}.Debug|Any CPU.Build.0 = Debug|Any CPU
		{BD92DDC2-3678-4E89-9268-893F893FE27B}.Release|Any CPU.ActiveCfg = Release|Any CPU
		{BD92DDC2-3678-4E89-9268-893F893FE27B}.Release|Any CPU.Build.0 = Release|Any CPU
		{90D9E2C8-FD95-42C0-A59B-5AFE3378F43D}.Debug|Any CPU.ActiveCfg = Debug|Any CPU
		{90D9E2C8-FD95-42C0-A59B-5AFE3378F43D}.Debug|Any CPU.Build.0 = Debug|Any CPU
		{90D9E2C8-FD95-42C0-A59B-5AFE3378F43D}.Release|Any CPU.ActiveCfg = Release|Any CPU
		{90D9E2C8-FD95-42C0-A59B-5AFE3378F43D}.Release|Any CPU.Build.0 = Release|Any CPU
		{1E023A6F-01DE-43B3-8755-36A2383D8335}.Debug|Any CPU.ActiveCfg = Debug|Any CPU
		{1E023A6F-01DE-43B3-8755-36A2383D8335}.Debug|Any CPU.Build.0 = Debug|Any CPU
		{1E023A6F-01DE-43B3-8755-36A2383D8335}.Release|Any CPU.ActiveCfg = Release|Any CPU
		{1E023A6F-01DE-43B3-8755-36A2383D8335}.Release|Any CPU.Build.0 = Release|Any CPU
	EndGlobalSection
	GlobalSection(SolutionProperties) = preSolution
		HideSolutionNode = FALSE
	EndGlobalSection
	GlobalSection(ExtensibilityGlobals) = postSolution
		SolutionGuid = {317E74D2-4614-4B26-BD7D-071D9C2D7AB1}
	EndGlobalSection
EndGlobal
